
Microsoft Visual Studio Solution File, Format Version 12.00
# Visual Studio 15
VisualStudioVersion = 15.0.28010.2036
MinimumVisualStudioVersion = 10.0.40219.1
Project("{FAE04EC0-301F-11D3-BF4B-00C04F79EFBC}") = "FYF.MapBuilder.Client", "FYF.MapBuilder.Client\FYF.MapBuilder.Client.csproj", "{8974780A-04C0-40F2-8E09-D0849EED9C54}"
EndProject
Project("{FAE04EC0-301F-11D3-BF4B-00C04F79EFBC}") = "FYF.MapBuilder.Server", "FYF.MapBuilder.Server\FYF.MapBuilder.Server.csproj", "{824C8DD9-FAF0-4907-9BE6-DF7A8F04B1DC}"
EndProject
Project("{9092AA53-FB77-4645-B42D-1CCCA6BD08BD}") = "FYF.MapBuilder.UI", "FYF.MapBuilder.UI\FYF.MapBuilder.UI.njsproj", "{2E4FBB71-6AAE-4FA3-B0CD-9B15AF4AE7AC}"
EndProject
Global
	GlobalSection(SolutionConfigurationPlatforms) = preSolution
		Debug|Any CPU = Debug|Any CPU
		Release|Any CPU = Release|Any CPU
	EndGlobalSection
	GlobalSection(ProjectConfigurationPlatforms) = postSolution
		{8974780A-04C0-40F2-8E09-D0849EED9C54}.Debug|Any CPU.ActiveCfg = Debug|Any CPU
		{8974780A-04C0-40F2-8E09-D0849EED9C54}.Debug|Any CPU.Build.0 = Debug|Any CPU
		{8974780A-04C0-40F2-8E09-D0849EED9C54}.Release|Any CPU.ActiveCfg = Release|Any CPU
		{8974780A-04C0-40F2-8E09-D0849EED9C54}.Release|Any CPU.Build.0 = Release|Any CPU
		{824C8DD9-FAF0-4907-9BE6-DF7A8F04B1DC}.Debug|Any CPU.ActiveCfg = Debug|Any CPU
		{824C8DD9-FAF0-4907-9BE6-DF7A8F04B1DC}.Debug|Any CPU.Build.0 = Debug|Any CPU
		{824C8DD9-FAF0-4907-9BE6-DF7A8F04B1DC}.Release|Any CPU.ActiveCfg = Release|Any CPU
		{824C8DD9-FAF0-4907-9BE6-DF7A8F04B1DC}.Release|Any CPU.Build.0 = Release|Any CPU
		{2E4FBB71-6AAE-4FA3-B0CD-9B15AF4AE7AC}.Debug|Any CPU.ActiveCfg = Debug|Any CPU
		{2E4FBB71-6AAE-4FA3-B0CD-9B15AF4AE7AC}.Debug|Any CPU.Build.0 = Debug|Any CPU
		{2E4FBB71-6AAE-4FA3-B0CD-9B15AF4AE7AC}.Release|Any CPU.ActiveCfg = Release|Any CPU
		{2E4FBB71-6AAE-4FA3-B0CD-9B15AF4AE7AC}.Release|Any CPU.Build.0 = Release|Any CPU
	EndGlobalSection
	GlobalSection(SolutionProperties) = preSolution
		HideSolutionNode = FALSE
	EndGlobalSection
	GlobalSection(ExtensibilityGlobals) = postSolution
		SolutionGuid = {9113DE1A-8F81-4297-853B-66C7A79D7E16}
	EndGlobalSection
EndGlobal
